{
  "nodes": {
    "flake-utils": {
      "locked": {
        "lastModified": 1656065134,
        "narHash": "sha256-oc6E6ByIw3oJaIyc67maaFcnjYOz1mMcOtHxbEf9NwQ=",
        "owner": "numtide",
        "repo": "flake-utils",
        "rev": "bee6a7250dd1b01844a2de7e02e4df7d8a0a206c",
        "type": "github"
      },
      "original": {
        "owner": "numtide",
        "repo": "flake-utils",
        "type": "github"
      }
    },
    "nixpkgs": {
      "locked": {
        "lastModified": 1653936696,
        "narHash": "sha256-M6bJShji9AIDZ7Kh7CPwPBPb/T7RiVev2PAcOi4fxDQ=",
        "owner": "NixOS",
        "repo": "nixpkgs",
        "rev": "ce6aa13369b667ac2542593170993504932eb836",
        "type": "github"
      },
      "original": {
        "owner": "NixOS",
        "ref": "22.05",
        "repo": "nixpkgs",
        "type": "github"
      }
    },
    "root": {
      "inputs": {
        "flake-utils": "flake-utils",
        "nixpkgs": "nixpkgs"
      }
    }
  },
  "root": "root",
  "version": 7
}
